
Microsoft Visual Studio Solution File, Format Version 12.00
# Visual Studio 15
VisualStudioVersion = 15.0.28307.136
MinimumVisualStudioVersion = 10.0.40219.1
Project("{FAE04EC0-301F-11D3-BF4B-00C04F79EFBC}") = "webNote", "webNote\webNote.csproj", "{5F94DFA2-FE63-493F-8B3B-AB857728FD1A}"
EndProject
Global
	GlobalSection(SolutionConfigurationPlatforms) = preSolution
		Debug|Any CPU = Debug|Any CPU
		Release|Any CPU = Release|Any CPU
	EndGlobalSection
	GlobalSection(ProjectConfigurationPlatforms) = postSolution
		{5F94DFA2-FE63-493F-8B3B-AB857728FD1A}.Debug|Any CPU.ActiveCfg = Debug|Any CPU
		{5F94DFA2-FE63-493F-8B3B-AB857728FD1A}.Debug|Any CPU.Build.0 = Debug|Any CPU
		{5F94DFA2-FE63-493F-8B3B-AB857728FD1A}.Release|Any CPU.ActiveCfg = Release|Any CPU
		{5F94DFA2-FE63-493F-8B3B-AB857728FD1A}.Release|Any CPU.Build.0 = Release|Any CPU
	EndGlobalSection
	GlobalSection(SolutionProperties) = preSolution
		HideSolutionNode = FALSE
	EndGlobalSection
	GlobalSection(ExtensibilityGlobals) = postSolution
		SolutionGuid = {A8F375CE-EB0B-4286-960F-E6DE7180562D}
	EndGlobalSection
EndGlobal
